Microsoft Visual Studio Solution File, Format Version 12.00
# Visual Studio Version 17
VisualStudioVersion = 17.5.2.0
MinimumVisualStudioVersion = 10.0.40219.1
Project("{FAE04EC0-301F-11D3-BF4B-00C04F79EFBC}") = "Van_Rise_Intern_App", "Van_Rise_Intern_App.csproj", "{AC1EB2B3-748C-692C-5910-58D89F39BB60}"
EndProject
Global
	GlobalSection(SolutionConfigurationPlatforms) = preSolution
		Debug|Any CPU = Debug|Any CPU
		Release|Any CPU = Release|Any CPU
	EndGlobalSection
	GlobalSection(ProjectConfigurationPlatforms) = postSolution
		{AC1EB2B3-748C-692C-5910-58D89F39BB60}.Debug|Any CPU.ActiveCfg = Debug|Any CPU
		{AC1EB2B3-748C-692C-5910-58D89F39BB60}.Debug|Any CPU.Build.0 = Debug|Any CPU
		{AC1EB2B3-748C-692C-5910-58D89F39BB60}.Release|Any CPU.ActiveCfg = Release|Any CPU
		{AC1EB2B3-748C-692C-5910-58D89F39BB60}.Release|Any CPU.Build.0 = Release|Any CPU
	EndGlobalSection
	GlobalSection(SolutionProperties) = preSolution
		HideSolutionNode = FALSE
	EndGlobalSection
	GlobalSection(ExtensibilityGlobals) = postSolution
		SolutionGuid = {B21AF2B7-D86F-4F86-9D58-9D967748A5A0}
	EndGlobalSection
EndGlobal
